
Microsoft Visual Studio Solution File, Format Version 12.00
# Visual Studio Version 16
VisualStudioVersion = 16.0.28803.352
MinimumVisualStudioVersion = 10.0.40219.1
Project("{9A19103F-16F7-4668-BE54-9A1E7A4F7556}") = "OAuth2Net", "OAuth2Net\OAuth2Net.csproj", "{57D71D23-A6E8-4B12-912A-3E5A61CDC3FE}"
EndProject
Project("{FAE04EC0-301F-11D3-BF4B-00C04F79EFBC}") = "OAuth2Net.Demo", "OAuth2Net.Demo\OAuth2Net.Demo.csproj", "{0F0088FE-BE68-4CD2-B2BA-2CC7BDC195DE}"
EndProject
Global
	GlobalSection(SolutionConfigurationPlatforms) = preSolution
		Debug|Any CPU = Debug|Any CPU
		Release|Any CPU = Release|Any CPU
	EndGlobalSection
	GlobalSection(ProjectConfigurationPlatforms) = postSolution
		{57D71D23-A6E8-4B12-912A-3E5A61CDC3FE}.Debug|Any CPU.ActiveCfg = Debug|Any CPU
		{57D71D23-A6E8-4B12-912A-3E5A61CDC3FE}.Debug|Any CPU.Build.0 = Debug|Any CPU
		{57D71D23-A6E8-4B12-912A-3E5A61CDC3FE}.Release|Any CPU.ActiveCfg = Release|Any CPU
		{57D71D23-A6E8-4B12-912A-3E5A61CDC3FE}.Release|Any CPU.Build.0 = Release|Any CPU
		{0F0088FE-BE68-4CD2-B2BA-2CC7BDC195DE}.Debug|Any CPU.ActiveCfg = Debug|Any CPU
		{0F0088FE-BE68-4CD2-B2BA-2CC7BDC195DE}.Debug|Any CPU.Build.0 = Debug|Any CPU
		{0F0088FE-BE68-4CD2-B2BA-2CC7BDC195DE}.Release|Any CPU.ActiveCfg = Release|Any CPU
		{0F0088FE-BE68-4CD2-B2BA-2CC7BDC195DE}.Release|Any CPU.Build.0 = Release|Any CPU
	EndGlobalSection
	GlobalSection(SolutionProperties) = preSolution
		HideSolutionNode = FALSE
	EndGlobalSection
	GlobalSection(ExtensibilityGlobals) = postSolution
		SolutionGuid = {2EE5C90E-478B-4807-9B95-D884A745A957}
	EndGlobalSection
EndGlobal
