
Microsoft Visual Studio Solution File, Format Version 12.00
# Visual Studio Version 16
VisualStudioVersion = 16.0.28803.352
MinimumVisualStudioVersion = 10.0.40219.1
Project("{9A19103F-16F7-4668-BE54-9A1E7A4F7556}") = "OAuth2Net", "OAuth2Net\OAuth2Net.csproj", "{57D71D23-A6E8-4B12-912A-3E5A61CDC3FE}"
EndProject
Project("{9A19103F-16F7-4668-BE54-9A1E7A4F7556}") = "OAuth2Net.Test", "OAuth2Net.Test\OAuth2Net.Test.csproj", "{059324E5-B9C4-4DFC-AF92-F30D46C5DA1E}"
EndProject
Global
	GlobalSection(SolutionConfigurationPlatforms) = preSolution
		Debug|Any CPU = Debug|Any CPU
		Release|Any CPU = Release|Any CPU
	EndGlobalSection
	GlobalSection(ProjectConfigurationPlatforms) = postSolution
		{57D71D23-A6E8-4B12-912A-3E5A61CDC3FE}.Debug|Any CPU.ActiveCfg = Debug|Any CPU
		{57D71D23-A6E8-4B12-912A-3E5A61CDC3FE}.Debug|Any CPU.Build.0 = Debug|Any CPU
		{57D71D23-A6E8-4B12-912A-3E5A61CDC3FE}.Release|Any CPU.ActiveCfg = Release|Any CPU
		{57D71D23-A6E8-4B12-912A-3E5A61CDC3FE}.Release|Any CPU.Build.0 = Release|Any CPU
		{059324E5-B9C4-4DFC-AF92-F30D46C5DA1E}.Debug|Any CPU.ActiveCfg = Debug|Any CPU
		{059324E5-B9C4-4DFC-AF92-F30D46C5DA1E}.Debug|Any CPU.Build.0 = Debug|Any CPU
		{059324E5-B9C4-4DFC-AF92-F30D46C5DA1E}.Release|Any CPU.ActiveCfg = Release|Any CPU
		{059324E5-B9C4-4DFC-AF92-F30D46C5DA1E}.Release|Any CPU.Build.0 = Release|Any CPU
	EndGlobalSection
	GlobalSection(SolutionProperties) = preSolution
		HideSolutionNode = FALSE
	EndGlobalSection
	GlobalSection(ExtensibilityGlobals) = postSolution
		SolutionGuid = {2EE5C90E-478B-4807-9B95-D884A745A957}
	EndGlobalSection
EndGlobal
